<?xml version="1.0" encoding="utf-8"?>
<Project ToolsVersion="4.0" xmlns="http://schemas.microsoft.com/developer/msbuild/2003">
  <ItemGroup>
    <ClCompile Include="backend.cpp" />
    <ClCompile Include="commands.cpp" />
    <ClCompile Include="ControlSocket.cpp" />
    <ClCompile Include="directorycache.cpp" />
    <ClCompile Include="directorylisting.cpp" />
    <ClCompile Include="directorylistingparser.cpp" />
    <ClCompile Include="engineprivate.cpp" />
    <ClCompile Include="engine_context.cpp" />
    <ClCompile Include="event_handler.cpp" />
    <ClCompile Include="event_loop.cpp" />
    <ClCompile Include="externalipresolver.cpp" />
    <ClCompile Include="file.cpp" />
    <ClCompile Include="ftpcontrolsocket.cpp" />
    <ClCompile Include="httpcontrolsocket.cpp" />
    <ClCompile Include="iothread.cpp" />
    <ClCompile Include="local_filesys.cpp" />
    <ClCompile Include="local_path.cpp" />
    <ClCompile Include="logging.cpp" />
    <ClCompile Include="misc.cpp" />
    <ClCompile Include="msgbox.cpp" />
    <ClCompile Include="mutex.cpp" />
    <ClCompile Include="notification.cpp" />
    <ClCompile Include="option_change_event_handler.cpp" />
    <ClCompile Include="pathcache.cpp" />
    <ClCompile Include="process.cpp" />
    <ClCompile Include="proxy.cpp" />
    <ClCompile Include="ratelimiter.cpp" />
    <ClCompile Include="rtt.cpp" />
    <ClCompile Include="server.cpp" />
    <ClCompile Include="servercapabilities.cpp" />
    <ClCompile Include="serverpath.cpp" />
    <ClCompile Include="sftpcontrolsocket.cpp" />
    <ClCompile Include="sizeformatting_base.cpp" />
    <ClCompile Include="socket.cpp" />
    <ClCompile Include="timeex.cpp" />
    <ClCompile Include="tlssocket.cpp" />
    <ClCompile Include="transfersocket.cpp" />
    <ClCompile Include="FileZillaEngine.cpp" />
  </ItemGroup>
  <ItemGroup>
    <ClInclude Include="..\include\engine_context.h" />
    <ClInclude Include="..\include\event.h" />
    <ClInclude Include="..\include\event_handler.h" />
    <ClInclude Include="..\include\event_loop.h" />
    <ClInclude Include="..\include\file.h" />
    <ClInclude Include="..\include\mutex.h" />
    <ClInclude Include="backend.h" />
    <ClInclude Include="..\include\commands.h" />
    <ClInclude Include="ControlSocket.h" />
    <ClInclude Include="directorycache.h" />
    <ClInclude Include="..\include\directorylisting.h" />
    <ClInclude Include="directorylistingparser.h" />
    <ClInclude Include="..\include\externalipresolver.h" />
    <ClInclude Include="engineprivate.h" />
    <ClInclude Include="filezilla.h" />
    <ClInclude Include="..\include\FileZillaEngine.h" />
    <ClInclude Include="FtpControlSocket.h" />
    <ClInclude Include="httpcontrolsocket.h" />
    <ClInclude Include="iothread.h" />
    <ClInclude Include="..\include\libfilezilla.h" />
    <ClInclude Include="..\include\local_filesys.h" />
    <ClInclude Include="..\include\local_path.h" />
    <ClInclude Include="..\include\logging.h" />
    <ClInclude Include="logging_private.h" />
    <ClInclude Include="..\include\misc.h" />
    <ClInclude Include="..\include\notification.h" />
    <ClInclude Include="..\include\option_change_event_handler.h" />
    <ClInclude Include="..\include\optionsbase.h" />
    <ClInclude Include="pathcache.h" />
    <ClInclude Include="process.h" />
    <ClInclude Include="proxy.h" />
    <ClInclude Include="ratelimiter.h" />
    <ClInclude Include="..\include\Server.h" />
    <ClInclude Include="rtt.h" />
    <ClInclude Include="servercapabilities.h" />
    <ClInclude Include="..\include\serverpath.h" />
    <ClInclude Include="sftpcontrolsocket.h" />
    <ClInclude Include="..\include\sizeformatting_base.h" />
    <ClInclude Include="..\include\socket.h" />
    <ClInclude Include="..\include\timeex.h" />
    <ClInclude Include="tlssocket.h" />
    <ClInclude Include="transfersocket.h" />
  </ItemGroup>
</Project>